
Microsoft Visual Studio Solution File, Format Version 12.00
# Visual Studio 15
Project("{FAE04EC0-301F-11D3-BF4B-00C04F79EFBC}") = "Assembly-CSharp-firstpass", "Assembly-CSharp-firstpass.csproj", "{8D3CD457-3FF7-D621-B0BB-48EB59F53035}"
EndProject
Project("{FAE04EC0-301F-11D3-BF4B-00C04F79EFBC}") = "Assembly-CSharp", "Assembly-CSharp.csproj", "{577B8402-15EF-AC91-3E5C-2A5560EA68A8}"
EndProject
Project("{FAE04EC0-301F-11D3-BF4B-00C04F79EFBC}") = "Assembly-CSharp-Editor", "Assembly-CSharp-Editor.csproj", "{0BD249C3-9C22-6B74-89A5-BFE90664A826}"
EndProject
Global
	GlobalSection(SolutionConfigurationPlatforms) = preSolution
		Debug|Any CPU = Debug|Any CPU
		Release|Any CPU = Release|Any CPU
	EndGlobalSection
	GlobalSection(ProjectConfigurationPlatforms) = postSolution
		{8D3CD457-3FF7-D621-B0BB-48EB59F53035}.Debug|Any CPU.ActiveCfg = Debug|Any CPU
		{8D3CD457-3FF7-D621-B0BB-48EB59F53035}.Debug|Any CPU.Build.0 = Debug|Any CPU
		{8D3CD457-3FF7-D621-B0BB-48EB59F53035}.Release|Any CPU.ActiveCfg = Release|Any CPU
		{8D3CD457-3FF7-D621-B0BB-48EB59F53035}.Release|Any CPU.Build.0 = Release|Any CPU
		{577B8402-15EF-AC91-3E5C-2A5560EA68A8}.Debug|Any CPU.ActiveCfg = Debug|Any CPU
		{577B8402-15EF-AC91-3E5C-2A5560EA68A8}.Debug|Any CPU.Build.0 = Debug|Any CPU
		{577B8402-15EF-AC91-3E5C-2A5560EA68A8}.Release|Any CPU.ActiveCfg = Release|Any CPU
		{577B8402-15EF-AC91-3E5C-2A5560EA68A8}.Release|Any CPU.Build.0 = Release|Any CPU
		{0BD249C3-9C22-6B74-89A5-BFE90664A826}.Debug|Any CPU.ActiveCfg = Debug|Any CPU
		{0BD249C3-9C22-6B74-89A5-BFE90664A826}.Debug|Any CPU.Build.0 = Debug|Any CPU
		{0BD249C3-9C22-6B74-89A5-BFE90664A826}.Release|Any CPU.ActiveCfg = Release|Any CPU
		{0BD249C3-9C22-6B74-89A5-BFE90664A826}.Release|Any CPU.Build.0 = Release|Any CPU
	EndGlobalSection
	GlobalSection(SolutionProperties) = preSolution
		HideSolutionNode = FALSE
	EndGlobalSection
EndGlobal
