
Microsoft Visual Studio Solution File, Format Version 12.00
# Visual Studio 15
Project("{FAE04EC0-301F-11D3-BF4B-00C04F79EFBC}") = "Assembly-CSharp", "Assembly-CSharp.csproj", "{9C1251A2-5CD1-BC9C-C051-B54C5D30BCF6}"
EndProject
Project("{FAE04EC0-301F-11D3-BF4B-00C04F79EFBC}") = "Assembly-CSharp-Editor", "Assembly-CSharp-Editor.csproj", "{57E182A2-BEE9-4480-6792-BFB1F5EE1125}"
EndProject
Global
	GlobalSection(SolutionConfigurationPlatforms) = preSolution
		Debug|Any CPU = Debug|Any CPU
		Release|Any CPU = Release|Any CPU
	EndGlobalSection
	GlobalSection(ProjectConfigurationPlatforms) = postSolution
		{9C1251A2-5CD1-BC9C-C051-B54C5D30BCF6}.Debug|Any CPU.ActiveCfg = Debug|Any CPU
		{9C1251A2-5CD1-BC9C-C051-B54C5D30BCF6}.Debug|Any CPU.Build.0 = Debug|Any CPU
		{9C1251A2-5CD1-BC9C-C051-B54C5D30BCF6}.Release|Any CPU.ActiveCfg = Release|Any CPU
		{9C1251A2-5CD1-BC9C-C051-B54C5D30BCF6}.Release|Any CPU.Build.0 = Release|Any CPU
		{57E182A2-BEE9-4480-6792-BFB1F5EE1125}.Debug|Any CPU.ActiveCfg = Debug|Any CPU
		{57E182A2-BEE9-4480-6792-BFB1F5EE1125}.Debug|Any CPU.Build.0 = Debug|Any CPU
		{57E182A2-BEE9-4480-6792-BFB1F5EE1125}.Release|Any CPU.ActiveCfg = Release|Any CPU
		{57E182A2-BEE9-4480-6792-BFB1F5EE1125}.Release|Any CPU.Build.0 = Release|Any CPU
	EndGlobalSection
	GlobalSection(SolutionProperties) = preSolution
		HideSolutionNode = FALSE
	EndGlobalSection
EndGlobal
