
Microsoft Visual Studio Solution File, Format Version 12.00
# Visual Studio 15
Project("{FAE04EC0-301F-11D3-BF4B-00C04F79EFBC}") = "Assembly-CSharp", "Assembly-CSharp.csproj", "{C1687A92-ADA3-5EC3-CA60-C27055AAA215}"
EndProject
Global
	GlobalSection(SolutionConfigurationPlatforms) = preSolution
		Debug|Any CPU = Debug|Any CPU
		Release|Any CPU = Release|Any CPU
	EndGlobalSection
	GlobalSection(ProjectConfigurationPlatforms) = postSolution
		{C1687A92-ADA3-5EC3-CA60-C27055AAA215}.Debug|Any CPU.ActiveCfg = Debug|Any CPU
		{C1687A92-ADA3-5EC3-CA60-C27055AAA215}.Debug|Any CPU.Build.0 = Debug|Any CPU
		{C1687A92-ADA3-5EC3-CA60-C27055AAA215}.Release|Any CPU.ActiveCfg = Release|Any CPU
		{C1687A92-ADA3-5EC3-CA60-C27055AAA215}.Release|Any CPU.Build.0 = Release|Any CPU
	EndGlobalSection
	GlobalSection(SolutionProperties) = preSolution
		HideSolutionNode = FALSE
	EndGlobalSection
EndGlobal
